
Microsoft Visual Studio Solution File, Format Version 12.00
# Visual Studio Version 17
VisualStudioVersion = 17.9.34728.123
MinimumVisualStudioVersion = 10.0.40219.1
Project("{FAE04EC0-301F-11D3-BF4B-00C04F79EFBC}") = "WebCoreApp", "WebCoreApp\WebCoreApp.csproj", "{ED4CAC63-8243-4C65-8BCC-469375CB8A96}"
EndProject
Global
	GlobalSection(SolutionConfigurationPlatforms) = preSolution
		Debug|Any CPU = Debug|Any CPU
		Release|Any CPU = Release|Any CPU
	EndGlobalSection
	GlobalSection(ProjectConfigurationPlatforms) = postSolution
		{ED4CAC63-8243-4C65-8BCC-469375CB8A96}.Debug|Any CPU.ActiveCfg = Debug|Any CPU
		{ED4CAC63-8243-4C65-8BCC-469375CB8A96}.Debug|Any CPU.Build.0 = Debug|Any CPU
		{ED4CAC63-8243-4C65-8BCC-469375CB8A96}.Release|Any CPU.ActiveCfg = Release|Any CPU
		{ED4CAC63-8243-4C65-8BCC-469375CB8A96}.Release|Any CPU.Build.0 = Release|Any CPU
	EndGlobalSection
	GlobalSection(SolutionProperties) = preSolution
		HideSolutionNode = FALSE
	EndGlobalSection
	GlobalSection(ExtensibilityGlobals) = postSolution
		SolutionGuid = {26FEA014-BBA5-455C-8000-A11C87EEFE75}
	EndGlobalSection
EndGlobal
